
Microsoft Visual Studio Solution File, Format Version 12.00
# Visual Studio Version 17
VisualStudioVersion = 17.0.31903.59
MinimumVisualStudioVersion = 10.0.40219.1
Project("{2150E333-8FDC-42A3-9474-1A3956D46DE8}") = "src", "src", "{827E0CD3-B72D-47B6-A68D-7590B98EB39B}"
EndProject
Project("{FAE04EC0-301F-11D3-BF4B-00C04F79EFBC}") = "RealEstate.API", "src\RealEstate.API\RealEstate.API.csproj", "{6DA967C3-EA45-435E-A31C-F2B78CD7EC03}"
EndProject
Project("{FAE04EC0-301F-11D3-BF4B-00C04F79EFBC}") = "RealEstate.Core", "src\RealEstate.Core\RealEstate.Core.csproj", "{6408359B-A0E7-471F-BF3F-268D124A3CDD}"
EndProject
Project("{FAE04EC0-301F-11D3-BF4B-00C04F79EFBC}") = "RealEstate.Infrastructure", "src\RealEstate.Infrastructure\RealEstate.Infrastructure.csproj", "{F9939A9E-497A-4604-A797-9AE6CE840991}"
EndProject
Global
	GlobalSection(SolutionConfigurationPlatforms) = preSolution
		Debug|Any CPU = Debug|Any CPU
		Debug|x64 = Debug|x64
		Debug|x86 = Debug|x86
		Release|Any CPU = Release|Any CPU
		Release|x64 = Release|x64
		Release|x86 = Release|x86
	EndGlobalSection
	GlobalSection(ProjectConfigurationPlatforms) = postSolution
		{6DA967C3-EA45-435E-A31C-F2B78CD7EC03}.Debug|Any CPU.ActiveCfg = Debug|Any CPU
		{6DA967C3-EA45-435E-A31C-F2B78CD7EC03}.Debug|Any CPU.Build.0 = Debug|Any CPU
		{6DA967C3-EA45-435E-A31C-F2B78CD7EC03}.Debug|x64.ActiveCfg = Debug|Any CPU
		{6DA967C3-EA45-435E-A31C-F2B78CD7EC03}.Debug|x64.Build.0 = Debug|Any CPU
		{6DA967C3-EA45-435E-A31C-F2B78CD7EC03}.Debug|x86.ActiveCfg = Debug|Any CPU
		{6DA967C3-EA45-435E-A31C-F2B78CD7EC03}.Debug|x86.Build.0 = Debug|Any CPU
		{6DA967C3-EA45-435E-A31C-F2B78CD7EC03}.Release|Any CPU.ActiveCfg = Release|Any CPU
		{6DA967C3-EA45-435E-A31C-F2B78CD7EC03}.Release|Any CPU.Build.0 = Release|Any CPU
		{6DA967C3-EA45-435E-A31C-F2B78CD7EC03}.Release|x64.ActiveCfg = Release|Any CPU
		{6DA967C3-EA45-435E-A31C-F2B78CD7EC03}.Release|x64.Build.0 = Release|Any CPU
		{6DA967C3-EA45-435E-A31C-F2B78CD7EC03}.Release|x86.ActiveCfg = Release|Any CPU
		{6DA967C3-EA45-435E-A31C-F2B78CD7EC03}.Release|x86.Build.0 = Release|Any CPU
		{6408359B-A0E7-471F-BF3F-268D124A3CDD}.Debug|Any CPU.ActiveCfg = Debug|Any CPU
		{6408359B-A0E7-471F-BF3F-268D124A3CDD}.Debug|Any CPU.Build.0 = Debug|Any CPU
		{6408359B-A0E7-471F-BF3F-268D124A3CDD}.Debug|x64.ActiveCfg = Debug|Any CPU
		{6408359B-A0E7-471F-BF3F-268D124A3CDD}.Debug|x64.Build.0 = Debug|Any CPU
		{6408359B-A0E7-471F-BF3F-268D124A3CDD}.Debug|x86.ActiveCfg = Debug|Any CPU
		{6408359B-A0E7-471F-BF3F-268D124A3CDD}.Debug|x86.Build.0 = Debug|Any CPU
		{6408359B-A0E7-471F-BF3F-268D124A3CDD}.Release|Any CPU.ActiveCfg = Release|Any CPU
		{6408359B-A0E7-471F-BF3F-268D124A3CDD}.Release|Any CPU.Build.0 = Release|Any CPU
		{6408359B-A0E7-471F-BF3F-268D124A3CDD}.Release|x64.ActiveCfg = Release|Any CPU
		{6408359B-A0E7-471F-BF3F-268D124A3CDD}.Release|x64.Build.0 = Release|Any CPU
		{6408359B-A0E7-471F-BF3F-268D124A3CDD}.Release|x86.ActiveCfg = Release|Any CPU
		{6408359B-A0E7-471F-BF3F-268D124A3CDD}.Release|x86.Build.0 = Release|Any CPU
		{F9939A9E-497A-4604-A797-9AE6CE840991}.Debug|Any CPU.ActiveCfg = Debug|Any CPU
		{F9939A9E-497A-4604-A797-9AE6CE840991}.Debug|Any CPU.Build.0 = Debug|Any CPU
		{F9939A9E-497A-4604-A797-9AE6CE840991}.Debug|x64.ActiveCfg = Debug|Any CPU
		{F9939A9E-497A-4604-A797-9AE6CE840991}.Debug|x64.Build.0 = Debug|Any CPU
		{F9939A9E-497A-4604-A797-9AE6CE840991}.Debug|x86.ActiveCfg = Debug|Any CPU
		{F9939A9E-497A-4604-A797-9AE6CE840991}.Debug|x86.Build.0 = Debug|Any CPU
		{F9939A9E-497A-4604-A797-9AE6CE840991}.Release|Any CPU.ActiveCfg = Release|Any CPU
		{F9939A9E-497A-4604-A797-9AE6CE840991}.Release|Any CPU.Build.0 = Release|Any CPU
		{F9939A9E-497A-4604-A797-9AE6CE840991}.Release|x64.ActiveCfg = Release|Any CPU
		{F9939A9E-497A-4604-A797-9AE6CE840991}.Release|x64.Build.0 = Release|Any CPU
		{F9939A9E-497A-4604-A797-9AE6CE840991}.Release|x86.ActiveCfg = Release|Any CPU
		{F9939A9E-497A-4604-A797-9AE6CE840991}.Release|x86.Build.0 = Release|Any CPU
	EndGlobalSection
	GlobalSection(SolutionProperties) = preSolution
		HideSolutionNode = FALSE
	EndGlobalSection
	GlobalSection(NestedProjects) = preSolution
		{6DA967C3-EA45-435E-A31C-F2B78CD7EC03} = {827E0CD3-B72D-47B6-A68D-7590B98EB39B}
		{6408359B-A0E7-471F-BF3F-268D124A3CDD} = {827E0CD3-B72D-47B6-A68D-7590B98EB39B}
		{F9939A9E-497A-4604-A797-9AE6CE840991} = {827E0CD3-B72D-47B6-A68D-7590B98EB39B}
	EndGlobalSection
EndGlobal
